{
  "version": "3",
  "remote": {
    "https://edge.netlify.com/": "fd941d61d88673d5f28aab283fb86fcc50f08a3bc80ee5470498fcfa88c65cfb",
    "https://edge.netlify.com/bootstrap/config.ts": "0aa0a225d978b89e0e62cbd853701605199e7a84095e55eeb70147faf1a24803",
    "https://edge.netlify.com/bootstrap/context.ts": "f8392d0bfc4a345f0508157a9ed1a8b0ac832275e5ae6fe9301a8268fbfeb0b5",
    "https://edge.netlify.com/bootstrap/cookie.ts": "8b0baae708989ca183c6f3b4ab3d029e6abcbc2e43f93edeb0ff447b3bbc3a05",
    "https://edge.netlify.com/bootstrap/edge_function.ts": "b8253e86aa83c67341f5cfedeba5049d77fbf84dcab7eceff7566b7728ae9b39",
    "https://edge.netlify.com/bootstrap/globals/types.ts": "a92107bafea2f88f9c7f787575732436abc40e45ccc062c76093096e7c34c84b"
  },
  "workspace": {
    "packageJson": {
      "dependencies": [
        "npm:@fortawesome/fontawesome-free@^6.5.2",
        "npm:@nuxt/app@^0.5.0",
        "npm:@nuxt/types@^2.18.1",
        "npm:@nuxtjs/google-analytics@^2.4.0",
        "npm:@nuxtjs/google-fonts@^1.3.0",
        "npm:@nuxtjs/sanity@^1.11.4",
        "npm:@portabletext/vue@^1.0.11",
        "npm:@sanity/client@^6.20.1",
        "npm:@sanity/image-url@^1.0.2",
        "npm:@sanity/types@^3.49.0",
        "npm:@types/node@^20.14.10",
        "npm:autoprefixer@^10.4.19",
        "npm:consola@^3.2.3",
        "npm:eslint-config-prettier@^8.10.0",
        "npm:eslint-plugin-vue@^8.7.1",
        "npm:eslint@^8.57.0",
        "npm:groq@^3.47.1",
        "npm:node-fetch@^3.3.2",
        "npm:nuxt@^3.12.3",
        "npm:postcss@^8.4.38",
        "npm:prettier-plugin-packagejson@2.4.14",
        "npm:prettier@3.2.5",
        "npm:react-is@^18.3.1",
        "npm:swiper@^11.1.4",
        "npm:tailwindcss@^3.4.4"
      ]
    }
  }
}
